
Microsoft Visual Studio Solution File, Format Version 12.00
# Visual Studio Version 17
VisualStudioVersion = 17.6.33723.286
MinimumVisualStudioVersion = 10.0.40219.1
Project("{FAE04EC0-301F-11D3-BF4B-00C04F79EFBC}") = "IB4", "IB4.csproj", "{AECAB311-B503-44F9-834A-F28DF299C2E6}"
EndProject
Global
	GlobalSection(SolutionConfigurationPlatforms) = preSolution
		Debug|Any CPU = Debug|Any CPU
		Release|Any CPU = Release|Any CPU
	EndGlobalSection
	GlobalSection(ProjectConfigurationPlatforms) = postSolution
		{AECAB311-B503-44F9-834A-F28DF299C2E6}.Debug|Any CPU.ActiveCfg = Debug|Any CPU
		{AECAB311-B503-44F9-834A-F28DF299C2E6}.Debug|Any CPU.Build.0 = Debug|Any CPU
		{AECAB311-B503-44F9-834A-F28DF299C2E6}.Release|Any CPU.ActiveCfg = Release|Any CPU
		{AECAB311-B503-44F9-834A-F28DF299C2E6}.Release|Any CPU.Build.0 = Release|Any CPU
	EndGlobalSection
	GlobalSection(SolutionProperties) = preSolution
		HideSolutionNode = FALSE
	EndGlobalSection
	GlobalSection(ExtensibilityGlobals) = postSolution
		SolutionGuid = {908D1C32-177E-40C4-96A4-9F7E199442ED}
	EndGlobalSection
EndGlobal
