
Microsoft Visual Studio Solution File, Format Version 12.00
# Visual Studio Version 17
VisualStudioVersion = 17.6.33723.286
MinimumVisualStudioVersion = 10.0.40219.1
Project("{FAE04EC0-301F-11D3-BF4B-00C04F79EFBC}") = "IB5", "IB5.csproj", "{0C23FAB1-196A-4C16-97E8-0A982862D805}"
EndProject
Global
	GlobalSection(SolutionConfigurationPlatforms) = preSolution
		Debug|Any CPU = Debug|Any CPU
		Release|Any CPU = Release|Any CPU
	EndGlobalSection
	GlobalSection(ProjectConfigurationPlatforms) = postSolution
		{0C23FAB1-196A-4C16-97E8-0A982862D805}.Debug|Any CPU.ActiveCfg = Debug|Any CPU
		{0C23FAB1-196A-4C16-97E8-0A982862D805}.Debug|Any CPU.Build.0 = Debug|Any CPU
		{0C23FAB1-196A-4C16-97E8-0A982862D805}.Release|Any CPU.ActiveCfg = Release|Any CPU
		{0C23FAB1-196A-4C16-97E8-0A982862D805}.Release|Any CPU.Build.0 = Release|Any CPU
	EndGlobalSection
	GlobalSection(SolutionProperties) = preSolution
		HideSolutionNode = FALSE
	EndGlobalSection
	GlobalSection(ExtensibilityGlobals) = postSolution
		SolutionGuid = {C3C5FA50-20C2-4A8E-A36D-2F55A7A13CCF}
	EndGlobalSection
EndGlobal
