
Microsoft Visual Studio Solution File, Format Version 12.00
# Visual Studio Version 17
VisualStudioVersion = 17.6.33723.286
MinimumVisualStudioVersion = 10.0.40219.1
Project("{FAE04EC0-301F-11D3-BF4B-00C04F79EFBC}") = "IB3", "IB3.csproj", "{7220BA83-50C4-497C-B526-0FE77C8D7F6B}"
EndProject
Global
	GlobalSection(SolutionConfigurationPlatforms) = preSolution
		Debug|Any CPU = Debug|Any CPU
		Release|Any CPU = Release|Any CPU
	EndGlobalSection
	GlobalSection(ProjectConfigurationPlatforms) = postSolution
		{7220BA83-50C4-497C-B526-0FE77C8D7F6B}.Debug|Any CPU.ActiveCfg = Debug|Any CPU
		{7220BA83-50C4-497C-B526-0FE77C8D7F6B}.Debug|Any CPU.Build.0 = Debug|Any CPU
		{7220BA83-50C4-497C-B526-0FE77C8D7F6B}.Release|Any CPU.ActiveCfg = Release|Any CPU
		{7220BA83-50C4-497C-B526-0FE77C8D7F6B}.Release|Any CPU.Build.0 = Release|Any CPU
	EndGlobalSection
	GlobalSection(SolutionProperties) = preSolution
		HideSolutionNode = FALSE
	EndGlobalSection
	GlobalSection(ExtensibilityGlobals) = postSolution
		SolutionGuid = {78867FE6-FFAD-402D-80AD-3AFA6B791640}
	EndGlobalSection
EndGlobal
