
Microsoft Visual Studio Solution File, Format Version 12.00
# Visual Studio Version 17
VisualStudioVersion = 17.6.33723.286
MinimumVisualStudioVersion = 10.0.40219.1
Project("{FAE04EC0-301F-11D3-BF4B-00C04F79EFBC}") = "Lab5", "Lab5.csproj", "{29184DDE-A882-46FF-A6D6-39BFFCD48B5B}"
EndProject
Global
	GlobalSection(SolutionConfigurationPlatforms) = preSolution
		Debug|Any CPU = Debug|Any CPU
		Release|Any CPU = Release|Any CPU
	EndGlobalSection
	GlobalSection(ProjectConfigurationPlatforms) = postSolution
		{29184DDE-A882-46FF-A6D6-39BFFCD48B5B}.Debug|Any CPU.ActiveCfg = Debug|Any CPU
		{29184DDE-A882-46FF-A6D6-39BFFCD48B5B}.Debug|Any CPU.Build.0 = Debug|Any CPU
		{29184DDE-A882-46FF-A6D6-39BFFCD48B5B}.Release|Any CPU.ActiveCfg = Release|Any CPU
		{29184DDE-A882-46FF-A6D6-39BFFCD48B5B}.Release|Any CPU.Build.0 = Release|Any CPU
	EndGlobalSection
	GlobalSection(SolutionProperties) = preSolution
		HideSolutionNode = FALSE
	EndGlobalSection
	GlobalSection(ExtensibilityGlobals) = postSolution
		SolutionGuid = {8DFB1B55-FF22-438E-89B5-AC7D16996151}
	EndGlobalSection
EndGlobal
