
Microsoft Visual Studio Solution File, Format Version 12.00
# Visual Studio Version 17
VisualStudioVersion = 17.6.33723.286
MinimumVisualStudioVersion = 10.0.40219.1
Project("{FAE04EC0-301F-11D3-BF4B-00C04F79EFBC}") = "Lab3", "Lab3.csproj", "{55E64ED2-35FF-4209-88DF-63D724598699}"
EndProject
Global
	GlobalSection(SolutionConfigurationPlatforms) = preSolution
		Debug|Any CPU = Debug|Any CPU
		Release|Any CPU = Release|Any CPU
	EndGlobalSection
	GlobalSection(ProjectConfigurationPlatforms) = postSolution
		{55E64ED2-35FF-4209-88DF-63D724598699}.Debug|Any CPU.ActiveCfg = Debug|Any CPU
		{55E64ED2-35FF-4209-88DF-63D724598699}.Debug|Any CPU.Build.0 = Debug|Any CPU
		{55E64ED2-35FF-4209-88DF-63D724598699}.Release|Any CPU.ActiveCfg = Release|Any CPU
		{55E64ED2-35FF-4209-88DF-63D724598699}.Release|Any CPU.Build.0 = Release|Any CPU
	EndGlobalSection
	GlobalSection(SolutionProperties) = preSolution
		HideSolutionNode = FALSE
	EndGlobalSection
	GlobalSection(ExtensibilityGlobals) = postSolution
		SolutionGuid = {A8FEDC5D-20D8-40B1-A8AA-F85C98C0156C}
	EndGlobalSection
EndGlobal
